{
  "name": "me",
  "requires": true,
  "lockfileVersion": 1,
  "dependencies": {
    "react-quick-styles": {
      "version": "2.0.4",
      "resolved": "https://registry.npmjs.org/react-quick-styles/-/react-quick-styles-2.0.4.tgz",
      "integrity": "sha512-RLgekAdLxEoN9a4s8TjpTRytPYntOgVkDRIw+ET7onXlJIhnY90PkSZUXOmnafRXd0EdwVzwy5YcHioAa0thZA=="
    }
  }
}
